// !$*UTF8*$!
{
	archiveVersion = 1;
	classes = {
	};
	objectVersion = 48;
	objects = {

/* Begin PBXBuildFile section */
		EAA9FBD4209E44B800E8F281 /* AppDelegate.swift in Sources */ = {isa = PBXBuildFile; fileRef = EAA9FBD3209E44B800E8F281 /* AppDelegate.swift */; };
		EAA9FBD6209E44B900E8F281 /* ViewController.swift in Sources */ = {isa = PBXBuildFile; fileRef = EAA9FBD5209E44B900E8F281 /* ViewController.swift */; };
		EAA9FBD9209E44B900E8F281 /* Main.storyboard in Resources */ = {isa = PBXBuildFile; fileRef = EAA9FBD7209E44B900E8F281 /* Main.storyboard */; };
		EAA9FBDB209E44B900E8F281 /* Assets.xcassets in Resources */ = {isa = PBXBuildFile; fileRef = EAA9FBDA209E44B900E8F281 /* Assets.xcassets */; };
		EAA9FBDE209E44B900E8F281 /* LaunchScreen.storyboard in Resources */ = {isa = PBXBuildFile; fileRef = EAA9FBDC209E44B900E8F281 /* LaunchScreen.storyboard */; };
		EAA9FBE9209E44B900E8F281 /* ListsTests.swift in Sources */ = {isa = PBXBuildFile; fileRef = EAA9FBE8209E44B900E8F281 /* ListsTests.swift */; };
/* End PBXBuildFile section */

/* Begin PBXContainerItemProxy section */
		EAA9FBE5209E44B900E8F281 /* PBXContainerItemProxy */ = {
			isa = PBXContainerItemProxy;
			containerPortal = EAA9FBC8209E44B800E8F281 /* Project object */;
			proxyType = 1;
			remoteGlobalIDString = EAA9FBCF209E44B800E8F281;
			remoteInfo = Lists;
		};
/* End PBXContainerItemProxy section */

/* Begin PBXFileReference section */
		EAA9FBD0209E44B800E8F281 /* Lists.app */ = {isa = PBXFileReference; explicitFileType = wrapper.application; includeInIndex = 0; path = Lists.app; sourceTree = BUILT_PRODUCTS_DIR; };
		EAA9FBD3209E44B800E8F281 /* AppDelegate.swift */ = {isa = PBXFileReference; lastKnownFileType = sourcecode.swift; path = AppDelegate.swift; sourceTree = "<group>"; };
		EAA9FBD5209E44B900E8F281 /* ViewController.swift */ = {isa = PBXFileReference; lastKnownFileType = sourcecode.swift; path = ViewController.swift; sourceTree = "<group>"; };
		EAA9FBD8209E44B900E8F281 /* Base */ = {isa = PBXFileReference; lastKnownFileType = file.storyboard; name = Base; path = Base.lproj/Main.storyboard; sourceTree = "<group>"; };
		EAA9FBDA209E44B900E8F281 /* Assets.xcassets */ = {isa = PBXFileReference; lastKnownFileType = folder.assetcatalog; path = Assets.xcassets; sourceTree = "<group>"; };
		EAA9FBDD209E44B900E8F281 /* Base */ = {isa = PBXFileReference; lastKnownFileType = file.storyboard; name = Base; path = Base.lproj/LaunchScreen.storyboard; sourceTree = "<group>"; };
		EAA9FBDF209E44B900E8F281 /* Info.plist */ = {isa = PBXFileReference; lastKnownFileType = text.plist.xml; path = Info.plist; sourceTree = "<group>"; };
		EAA9FBE4209E44B900E8F281 /* ListsTests.xctest */ = {isa = PBXFileReference; explicitFileType = wrapper.cfbundle; includeInIndex = 0; path = ListsTests.xctest; sourceTree = BUILT_PRODUCTS_DIR; };
		EAA9FBE8209E44B900E8F281 /* ListsTests.swift */ = {isa = PBXFileReference; lastKnownFileType = sourcecode.swift; path = ListsTests.swift; sourceTree = "<group>"; };
		EAA9FBEA209E44B900E8F281 /* Info.plist */ = {isa = PBXFileReference; lastKnownFileType = text.plist.xml; path = Info.plist; sourceTree = "<group>"; };
/* End PBXFileReference section */

/* Begin PBXFrameworksBuildPhase section */
		EAA9FBCD209E44B800E8F281 /* Frameworks */ = {
			isa = PBXFrameworksBuildPhase;
			buildActionMask = 2147483647;
			files = (
			);
			runOnlyForDeploymentPostprocessing = 0;
		};
		EAA9FBE1209E44B900E8F281 /* Frameworks */ = {
			isa = PBXFrameworksBuildPhase;
			buildActionMask = 2147483647;
			files = (
			);
			runOnlyForDeploymentPostprocessing = 0;
		};
/* End PBXFrameworksBuildPhase section */

/* Begin PBXGroup section */
		EAA9FBC7209E44B800E8F281 = {
			isa = PBXGroup;
			children = (
				EAA9FBD2209E44B800E8F281 /* Lists */,
				EAA9FBE7209E44B900E8F281 /* ListsTests */,
				EAA9FBD1209E44B800E8F281 /* Products */,
			);
			sourceTree = "<group>";
		};
		EAA9FBD1209E44B800E8F281 /* Products */ = {
			isa = PBXGroup;
			children = (
				EAA9FBD0209E44B800E8F281 /* Lists.app */,
				EAA9FBE4209E44B900E8F281 /* ListsTests.xctest */,
			);
			name = Products;
			sourceTree = "<group>";
		};
		EAA9FBD2209E44B800E8F281 /* Lists */ = {
			isa = PBXGroup;
			children = (
				EAA9FBD3209E44B800E8F281 /* AppDelegate.swift */,
				EAA9FBD5209E44B900E8F281 /* ViewController.swift */,
				EAA9FBD7209E44B900E8F281 /* Main.storyboard */,
				EAA9FBDA209E44B900E8F281 /* Assets.xcassets */,
				EAA9FBDC209E44B900E8F281 /* LaunchScreen.storyboard */,
				EAA9FBDF209E44B900E8F281 /* Info.plist */,
			);
			path = Lists;
			sourceTree = "<group>";
		};
		EAA9FBE7209E44B900E8F281 /* ListsTests */ = {
			isa = PBXGroup;
			children = (
				EAA9FBE8209E44B900E8F281 /* ListsTests.swift */,
				EAA9FBEA209E44B900E8F281 /* Info.plist */,
			);
			path = ListsTests;
			sourceTree = "<group>";
		};
/* End PBXGroup section */

/* Begin PBXNativeTarget section */
		EAA9FBCF209E44B800E8F281 /* Lists */ = {
			isa = PBXNativeTarget;
			buildConfigurationList = EAA9FBED209E44B900E8F281 /* Build configuration list for PBXNativeTarget "Lists" */;
			buildPhases = (
				EAA9FBCC209E44B800E8F281 /* Sources */,
				EAA9FBCD209E44B800E8F281 /* Frameworks */,
				EAA9FBCE209E44B800E8F281 /* Resources */,
			);
			buildRules = (
			);
			dependencies = (
			);
			name = Lists;
			productName = Lists;
			productReference = EAA9FBD0209E44B800E8F281 /* Lists.app */;
			productType = "com.apple.product-type.application";
		};
		EAA9FBE3209E44B900E8F281 /* ListsTests */ = {
			isa = PBXNativeTarget;
			buildConfigurationList = EAA9FBF0209E44B900E8F281 /* Build configuration list for PBXNativeTarget "ListsTests" */;
			buildPhases = (
				EAA9FBE0209E44B900E8F281 /* Sources */,
				EAA9FBE1209E44B900E8F281 /* Frameworks */,
				EAA9FBE2209E44B900E8F281 /* Resources */,
			);
			buildRules = (
			);
			dependencies = (
				EAA9FBE6209E44B900E8F281 /* PBXTargetDependency */,
			);
			name = ListsTests;
			productName = ListsTests;
			productReference = EAA9FBE4209E44B900E8F281 /* ListsTests.xctest */;
			productType = "com.apple.product-type.bundle.unit-test";
		};
/* End PBXNativeTarget section */

/* Begin PBXProject section */
		EAA9FBC8209E44B800E8F281 /* Project object */ = {
			isa = PBXProject;
			attributes = {
				LastSwiftUpdateCheck = 0920;
				LastUpgradeCheck = 0920;
				ORGANIZATIONNAME = "Tony Albor";
				TargetAttributes = {
					EAA9FBCF209E44B800E8F281 = {
						CreatedOnToolsVersion = 9.2;
						ProvisioningStyle = Automatic;
					};
					EAA9FBE3209E44B900E8F281 = {
						CreatedOnToolsVersion = 9.2;
						ProvisioningStyle = Automatic;
						TestTargetID = EAA9FBCF209E44B800E8F281;
					};
				};
			};
			buildConfigurationList = EAA9FBCB209E44B800E8F281 /* Build configuration list for PBXProject "Lists" */;
			compatibilityVersion = "Xcode 8.0";
			developmentRegion = en;
			hasScannedForEncodings = 0;
			knownRegions = (
				en,
				Base,
			);
			mainGroup = EAA9FBC7209E44B800E8F281;
			productRefGroup = EAA9FBD1209E44B800E8F281 /* Products */;
			projectDirPath = "";
			projectRoot = "";
			targets = (
				EAA9FBCF209E44B800E8F281 /* Lists */,
				EAA9FBE3209E44B900E8F281 /* ListsTests */,
			);
		};
/* End PBXProject section */

/* Begin PBXResourcesBuildPhase section */
		EAA9FBCE209E44B800E8F281 /* Resources */ = {
			isa = PBXResourcesBuildPhase;
			buildActionMask = 2147483647;
			files = (
				EAA9FBDE209E44B900E8F281 /* LaunchScreen.storyboard in Resources */,
				EAA9FBDB209E44B900E8F281 /* Assets.xcassets in Resources */,
				EAA9FBD9209E44B900E8F281 /* Main.storyboard in Resources */,
			);
			runOnlyForDeploymentPostprocessing = 0;
		};
		EAA9FBE2209E44B900E8F281 /* Resources */ = {
			isa = PBXResourcesBuildPhase;
			buildActionMask = 2147483647;
			files = (
			);
			runOnlyForDeploymentPostprocessing = 0;
		};
/* End PBXResourcesBuildPhase section */

/* Begin PBXSourcesBuildPhase section */
		EAA9FBCC209E44B800E8F281 /* Sources */ = {
			isa = PBXSourcesBuildPhase;
			buildActionMask = 2147483647;
			files = (
				EAA9FBD6209E44B900E8F281 /* ViewController.swift in Sources */,
				EAA9FBD4209E44B800E8F281 /* AppDelegate.swift in Sources */,
			);
			runOnlyForDeploymentPostprocessing = 0;
		};
		EAA9FBE0209E44B900E8F281 /* Sources */ = {
			isa = PBXSourcesBuildPhase;
			buildActionMask = 2147483647;
			files = (
				EAA9FBE9209E44B900E8F281 /* ListsTests.swift in Sources */,
			);
			runOnlyForDeploymentPostprocessing = 0;
		};
/* End PBXSourcesBuildPhase section */

/* Begin PBXTargetDependency section */
		EAA9FBE6209E44B900E8F281 /* PBXTargetDependency */ = {
			isa = PBXTargetDependency;
			target = EAA9FBCF209E44B800E8F281 /* Lists */;
			targetProxy = EAA9FBE5209E44B900E8F281 /* PBXContainerItemProxy */;
		};
/* End PBXTargetDependency section */

/* Begin PBXVariantGroup section */
		EAA9FBD7209E44B900E8F281 /* Main.storyboard */ = {
			isa = PBXVariantGroup;
			children = (
				EAA9FBD8209E44B900E8F281 /* Base */,
			);
			name = Main.storyboard;
			sourceTree = "<group>";
		};
		EAA9FBDC209E44B900E8F281 /* LaunchScreen.storyboard */ = {
			isa = PBXVariantGroup;
			children = (
				EAA9FBDD209E44B900E8F281 /* Base */,
			);
			name = LaunchScreen.storyboard;
			sourceTree = "<group>";
		};
/* End PBXVariantGroup section */

/* Begin XCBuildConfiguration section */
		EAA9FBEB209E44B900E8F281 /* Debug */ = {
			isa = XCBuildConfiguration;
			buildSettings = {
				ALWAYS_SEARCH_USER_PATHS = NO;
				CLANG_ANALYZER_NONNULL = YES;
				CLANG_ANALYZER_NUMBER_OBJECT_CONVERSION = YES_AGGRESSIVE;
				CLANG_CXX_LANGUAGE_STANDARD = "gnu++14";
				CLANG_CXX_LIBRARY = "libc++";
				CLANG_ENABLE_MODULES = YES;
				CLANG_ENABLE_OBJC_ARC = YES;
				CLANG_WARN_BLOCK_CAPTURE_AUTORELEASING = YES;
				CLANG_WARN_BOOL_CONVERSION = YES;
				CLANG_WARN_COMMA = YES;
				CLANG_WARN_CONSTANT_CONVERSION = YES;
				CLANG_WARN_DIRECT_OBJC_ISA_USAGE = YES_ERROR;
				CLANG_WARN_DOCUMENTATION_COMMENTS = YES;
				CLANG_WARN_EMPTY_BODY = YES;
				CLANG_WARN_ENUM_CONVERSION = YES;
				CLANG_WARN_INFINITE_RECURSION = YES;
				CLANG_WARN_INT_CONVERSION = YES;
				CLANG_WARN_NON_LITERAL_NULL_CONVERSION = YES;
				CLANG_WARN_OBJC_LITERAL_CONVERSION = YES;
				CLANG_WARN_OBJC_ROOT_CLASS = YES_ERROR;
				CLANG_WARN_RANGE_LOOP_ANALYSIS = YES;
				CLANG_WARN_STRICT_PROTOTYPES = YES;
				CLANG_WARN_SUSPICIOUS_MOVE = YES;
				CLANG_WARN_UNGUARDED_AVAILABILITY = YES_AGGRESSIVE;
				CLANG_WARN_UNREACHABLE_CODE = YES;
				CLANG_WARN__DUPLICATE_METHOD_MATCH = YES;
				CODE_SIGN_IDENTITY = "iPhone Developer";
				COPY_PHASE_STRIP = NO;
				DEBUG_INFORMATION_FORMAT = dwarf;
				ENABLE_STRICT_OBJC_MSGSEND = YES;
				ENABLE_TESTABILITY = YES;
				GCC_C_LANGUAGE_STANDARD = gnu11;
				GCC_DYNAMIC_NO_PIC = NO;
				GCC_NO_COMMON_BLOCKS = YES;
				GCC_OPTIMIZATION_LEVEL = 0;
				GCC_PREPROCESSOR_DEFINITIONS = (
					"DEBUG=1",
					"$(inherited)",
				);
				GCC_WARN_64_TO_32_BIT_CONVERSION = YES;
				GCC_WARN_ABOUT_RETURN_TYPE = YES_ERROR;
				GCC_WARN_UNDECLARED_SELECTOR = YES;
				GCC_WARN_UNINITIALIZED_AUTOS = YES_AGGRESSIVE;
				GCC_WARN_UNUSED_FUNCTION = YES;
				GCC_WARN_UNUSED_VARIABLE = YES;
				IPHONEOS_DEPLOYMENT_TARGET = 11.2;
				MTL_ENABLE_DEBUG_INFO = YES;
				ONLY_ACTIVE_ARCH = YES;
				SDKROOT = iphoneos;
				SWIFT_ACTIVE_COMPILATION_CONDITIONS = DEBUG;
				SWIFT_OPTIMIZATION_LEVEL = "-Onone";
			};
			name = Debug;
		};
		EAA9FBEC209E44B900E8F281 /* Release */ = {
			isa = XCBuildConfiguration;
			buildSettings = {
				ALWAYS_SEARCH_USER_PATHS = NO;
				CLANG_ANALYZER_NONNULL = YES;
				CLANG_ANALYZER_NUMBER_OBJECT_CONVERSION = YES_AGGRESSIVE;
				CLANG_CXX_LANGUAGE_STANDARD = "gnu++14";
				CLANG_CXX_LIBRARY = "libc++";
				CLANG_ENABLE_MODULES = YES;
				CLANG_ENABLE_OBJC_ARC = YES;
				CLANG_WARN_BLOCK_CAPTURE_AUTORELEASING = YES;
				CLANG_WARN_BOOL_CONVERSION = YES;
				CLANG_WARN_COMMA = YES;
				CLANG_WARN_CONSTANT_CONVERSION = YES;
				CLANG_WARN_DIRECT_OBJC_ISA_USAGE = YES_ERROR;
				CLANG_WARN_DOCUMENTATION_COMMENTS = YES;
				CLANG_WARN_EMPTY_BODY = YES;
				CLANG_WARN_ENUM_CONVERSION = YES;
				CLANG_WARN_INFINITE_RECURSION = YES;
				CLANG_WARN_INT_CONVERSION = YES;
				CLANG_WARN_NON_LITERAL_NULL_CONVERSION = YES;
				CLANG_WARN_OBJC_LITERAL_CONVERSION = YES;
				CLANG_WARN_OBJC_ROOT_CLASS = YES_ERROR;
				CLANG_WARN_RANGE_LOOP_ANALYSIS = YES;
				CLANG_WARN_STRICT_PROTOTYPES = YES;
				CLANG_WARN_SUSPICIOUS_MOVE = YES;
				CLANG_WARN_UNGUARDED_AVAILABILITY = YES_AGGRESSIVE;
				CLANG_WARN_UNREACHABLE_CODE = YES;
				CLANG_WARN__DUPLICATE_METHOD_MATCH = YES;
				CODE_SIGN_IDENTITY = "iPhone Developer";
				COPY_PHASE_STRIP = NO;
				DEBUG_INFORMATION_FORMAT = "dwarf-with-dsym";
				ENABLE_NS_ASSERTIONS = NO;
				ENABLE_STRICT_OBJC_MSGSEND = YES;
				GCC_C_LANGUAGE_STANDARD = gnu11;
				GCC_NO_COMMON_BLOCKS = YES;
				GCC_WARN_64_TO_32_BIT_CONVERSION = YES;
				GCC_WARN_ABOUT_RETURN_TYPE = YES_ERROR;
				GCC_WARN_UNDECLARED_SELECTOR = YES;
				GCC_WARN_UNINITIALIZED_AUTOS = YES_AGGRESSIVE;
				GCC_WARN_UNUSED_FUNCTION = YES;
				GCC_WARN_UNUSED_VARIABLE = YES;
				IPHONEOS_DEPLOYMENT_TARGET = 11.2;
				MTL_ENABLE_DEBUG_INFO = NO;
				SDKROOT = iphoneos;
				SWIFT_OPTIMIZATION_LEVEL = "-Owholemodule";
				VALIDATE_PRODUCT = YES;
			};
			name = Release;
		};
		EAA9FBEE209E44B900E8F281 /* Debug */ = {
			isa = XCBuildConfiguration;
			buildSettings = {
				ASSETCATALOG_COMPILER_APPICON_NAME = AppIcon;
				CODE_SIGN_STYLE = Automatic;
				DEVELOPMENT_TEAM = 998B9U96MF;
				INFOPLIST_FILE = Lists/Info.plist;
				LD_RUNPATH_SEARCH_PATHS = "$(inherited) @executable_path/Frameworks";
				PRODUCT_BUNDLE_IDENTIFIER = com.tonyalbor.Lists;
				PRODUCT_NAME = "$(TARGET_NAME)";
				SWIFT_VERSION = 4.0;
				TARGETED_DEVICE_FAMILY = "1,2";
			};
			name = Debug;
		};
		EAA9FBEF209E44B900E8F281 /* Release */ = {
			isa = XCBuildConfiguration;
			buildSettings = {
				ASSETCATALOG_COMPILER_APPICON_NAME = AppIcon;
				CODE_SIGN_STYLE = Automatic;
				DEVELOPMENT_TEAM = 998B9U96MF;
				INFOPLIST_FILE = Lists/Info.plist;
				LD_RUNPATH_SEARCH_PATHS = "$(inherited) @executable_path/Frameworks";
				PRODUCT_BUNDLE_IDENTIFIER = com.tonyalbor.Lists;
				PRODUCT_NAME = "$(TARGET_NAME)";
				SWIFT_VERSION = 4.0;
				TARGETED_DEVICE_FAMILY = "1,2";
			};
			name = Release;
		};
		EAA9FBF1209E44B900E8F281 /* Debug */ = {
			isa = XCBuildConfiguration;
			buildSettings = {
				ALWAYS_EMBED_SWIFT_STANDARD_LIBRARIES = YES;
				BUNDLE_LOADER = "$(TEST_HOST)";
				CODE_SIGN_STYLE = Automatic;
				DEVELOPMENT_TEAM = 998B9U96MF;
				INFOPLIST_FILE = ListsTests/Info.plist;
				LD_RUNPATH_SEARCH_PATHS = "$(inherited) @executable_path/Frameworks @loader_path/Frameworks";
				PRODUCT_BUNDLE_IDENTIFIER = com.tonyalbor.ListsTests;
				PRODUCT_NAME = "$(TARGET_NAME)";
				SWIFT_VERSION = 4.0;
				TARGETED_DEVICE_FAMILY = "1,2";
				TEST_HOST = "$(BUILT_PRODUCTS_DIR)/Lists.app/Lists";
			};
			name = Debug;
		};
		EAA9FBF2209E44B900E8F281 /* Release */ = {
			isa = XCBuildConfiguration;
			buildSettings = {
				ALWAYS_EMBED_SWIFT_STANDARD_LIBRARIES = YES;
				BUNDLE_LOADER = "$(TEST_HOST)";
				CODE_SIGN_STYLE = Automatic;
				DEVELOPMENT_TEAM = 998B9U96MF;
				INFOPLIST_FILE = ListsTests/Info.plist;
				LD_RUNPATH_SEARCH_PATHS = "$(inherited) @executable_path/Frameworks @loader_path/Frameworks";
				PRODUCT_BUNDLE_IDENTIFIER = com.tonyalbor.ListsTests;
				PRODUCT_NAME = "$(TARGET_NAME)";
				SWIFT_VERSION = 4.0;
				TARGETED_DEVICE_FAMILY = "1,2";
				TEST_HOST = "$(BUILT_PRODUCTS_DIR)/Lists.app/Lists";
			};
			name = Release;
		};
/* End XCBuildConfiguration section */

/* Begin XCConfigurationList section */
		EAA9FBCB209E44B800E8F281 /* Build configuration list for PBXProject "Lists" */ = {
			isa = XCConfigurationList;
			buildConfigurations = (
				EAA9FBEB209E44B900E8F281 /* Debug */,
				EAA9FBEC209E44B900E8F281 /* Release */,
			);
			defaultConfigurationIsVisible = 0;
			defaultConfigurationName = Release;
		};
		EAA9FBED209E44B900E8F281 /* Build configuration list for PBXNativeTarget "Lists" */ = {
			isa = XCConfigurationList;
			buildConfigurations = (
				EAA9FBEE209E44B900E8F281 /* Debug */,
				EAA9FBEF209E44B900E8F281 /* Release */,
			);
			defaultConfigurationIsVisible = 0;
			defaultConfigurationName = Release;
		};
		EAA9FBF0209E44B900E8F281 /* Build configuration list for PBXNativeTarget "ListsTests" */ = {
			isa = XCConfigurationList;
			buildConfigurations = (
				EAA9FBF1209E44B900E8F281 /* Debug */,
				EAA9FBF2209E44B900E8F281 /* Release */,
			);
			defaultConfigurationIsVisible = 0;
			defaultConfigurationName = Release;
		};
/* End XCConfigurationList section */
	};
	rootObject = EAA9FBC8209E44B800E8F281 /* Project object */;
}
