// !$*UTF8*$!
{
	archiveVersion = 1;
	classes = {
	};
	objectVersion = 48;
	objects = {

/* Begin PBXBuildFile section */
		7E7D46FFADD697BFC3409551 /* Pods_ListsTests.framework in Frameworks */ = {isa = PBXBuildFile; fileRef = 645BAA5BA5C8F71E9FB23C64 /* Pods_ListsTests.framework */; };
		C6E1E0905B49903CA218D7DD /* Pods_Lists.framework in Frameworks */ = {isa = PBXBuildFile; fileRef = 76813CA0A0E558DF7274ABEF /* Pods_Lists.framework */; };
		EAA9FBD4209E44B800E8F281 /* AppDelegate.swift in Sources */ = {isa = PBXBuildFile; fileRef = EAA9FBD3209E44B800E8F281 /* AppDelegate.swift */; };
		EAA9FBD6209E44B900E8F281 /* ViewController.swift in Sources */ = {isa = PBXBuildFile; fileRef = EAA9FBD5209E44B900E8F281 /* ViewController.swift */; };
		EAA9FBD9209E44B900E8F281 /* Main.storyboard in Resources */ = {isa = PBXBuildFile; fileRef = EAA9FBD7209E44B900E8F281 /* Main.storyboard */; };
		EAA9FBDB209E44B900E8F281 /* Assets.xcassets in Resources */ = {isa = PBXBuildFile; fileRef = EAA9FBDA209E44B900E8F281 /* Assets.xcassets */; };
		EAA9FBDE209E44B900E8F281 /* LaunchScreen.storyboard in Resources */ = {isa = PBXBuildFile; fileRef = EAA9FBDC209E44B900E8F281 /* LaunchScreen.storyboard */; };
		EAA9FBE9209E44B900E8F281 /* ListsTests.swift in Sources */ = {isa = PBXBuildFile; fileRef = EAA9FBE8209E44B900E8F281 /* ListsTests.swift */; };
		EAAFD4C920BCB01300F3A7A7 /* ImageViewAnimator.swift in Sources */ = {isa = PBXBuildFile; fileRef = EAAFD4C820BCB01300F3A7A7 /* ImageViewAnimator.swift */; };
		EABA7651209E53E60053E407 /* LocationManager.swift in Sources */ = {isa = PBXBuildFile; fileRef = EABA7650209E53E60053E407 /* LocationManager.swift */; };
		EABA7653209E6AD80053E407 /* ViewModelType.swift in Sources */ = {isa = PBXBuildFile; fileRef = EABA7652209E6AD80053E407 /* ViewModelType.swift */; };
		EABA7655209E70310053E407 /* AutoCompleteViewModel.swift in Sources */ = {isa = PBXBuildFile; fileRef = EABA7654209E70310053E407 /* AutoCompleteViewModel.swift */; };
		EABA7657209E70C20053E407 /* AutoCompleteRequest.swift in Sources */ = {isa = PBXBuildFile; fileRef = EABA7656209E70C20053E407 /* AutoCompleteRequest.swift */; };
		EABA7659209E70EA0053E407 /* AutoCompleteResult.swift in Sources */ = {isa = PBXBuildFile; fileRef = EABA7658209E70EA0053E407 /* AutoCompleteResult.swift */; };
		EABA765C209E74B30053E407 /* YelpNetwork.swift in Sources */ = {isa = PBXBuildFile; fileRef = EABA765B209E74B30053E407 /* YelpNetwork.swift */; };
		EABA765E209E757D0053E407 /* YelpApiKey.swift in Sources */ = {isa = PBXBuildFile; fileRef = EABA765D209E757D0053E407 /* YelpApiKey.swift */; };
		EABA7662209E7CF70053E407 /* RestaurantSearchRequest.swift in Sources */ = {isa = PBXBuildFile; fileRef = EABA7661209E7CF70053E407 /* RestaurantSearchRequest.swift */; };
		EABA7664209E7D000053E407 /* RestaurantSearchResult.swift in Sources */ = {isa = PBXBuildFile; fileRef = EABA7663209E7D000053E407 /* RestaurantSearchResult.swift */; };
		EABA7666209E7D080053E407 /* RestaurantSearchService.swift in Sources */ = {isa = PBXBuildFile; fileRef = EABA7665209E7D080053E407 /* RestaurantSearchService.swift */; };
		EABA7668209E7D0F0053E407 /* RestaurantSearchViewModel.swift in Sources */ = {isa = PBXBuildFile; fileRef = EABA7667209E7D0F0053E407 /* RestaurantSearchViewModel.swift */; };
		EAD4F57A209E4C3000EE0C46 /* AutoCompleteService.swift in Sources */ = {isa = PBXBuildFile; fileRef = EAD4F579209E4C3000EE0C46 /* AutoCompleteService.swift */; };
		EAD4F57D209E4CF400EE0C46 /* Network.swift in Sources */ = {isa = PBXBuildFile; fileRef = EAD4F57C209E4CF400EE0C46 /* Network.swift */; };
		EAEC92D1209ECFFC0005843A /* RestaurantDetailRequest.swift in Sources */ = {isa = PBXBuildFile; fileRef = EAEC92D0209ECFFC0005843A /* RestaurantDetailRequest.swift */; };
		EAEC92D3209ED00A0005843A /* RestaurantDetailResult.swift in Sources */ = {isa = PBXBuildFile; fileRef = EAEC92D2209ED00A0005843A /* RestaurantDetailResult.swift */; };
		EAEC92D5209ED0110005843A /* RestaurantDetailService.swift in Sources */ = {isa = PBXBuildFile; fileRef = EAEC92D4209ED0110005843A /* RestaurantDetailService.swift */; };
		EAEC92D7209ED0350005843A /* RestaurantDetailViewModel.swift in Sources */ = {isa = PBXBuildFile; fileRef = EAEC92D6209ED0350005843A /* RestaurantDetailViewModel.swift */; };
		EAEC92DA209ED1C10005843A /* StringExtensions.swift in Sources */ = {isa = PBXBuildFile; fileRef = EAEC92D9209ED1C10005843A /* StringExtensions.swift */; };
		EAEC92DE209FBC8A0005843A /* ListsViewController.swift in Sources */ = {isa = PBXBuildFile; fileRef = EAEC92DC209FBC8A0005843A /* ListsViewController.swift */; };
		EAEC92DF209FBC8A0005843A /* ListsViewController.xib in Resources */ = {isa = PBXBuildFile; fileRef = EAEC92DD209FBC8A0005843A /* ListsViewController.xib */; };
		EAEC92E1209FBC950005843A /* ListsViewModel.swift in Sources */ = {isa = PBXBuildFile; fileRef = EAEC92E0209FBC950005843A /* ListsViewModel.swift */; };
		EAEC92E3209FBCC10005843A /* GetAllListsUseCase.swift in Sources */ = {isa = PBXBuildFile; fileRef = EAEC92E2209FBCC10005843A /* GetAllListsUseCase.swift */; };
		EAEC92E6209FC1170005843A /* RestaurantSearchViewController.swift in Sources */ = {isa = PBXBuildFile; fileRef = EAEC92E4209FC1170005843A /* RestaurantSearchViewController.swift */; };
		EAEC92E7209FC1170005843A /* RestaurantSearchViewController.xib in Resources */ = {isa = PBXBuildFile; fileRef = EAEC92E5209FC1170005843A /* RestaurantSearchViewController.xib */; };
		EAEC92EA209FC2300005843A /* RestaurantSearchResultTableViewCell.swift in Sources */ = {isa = PBXBuildFile; fileRef = EAEC92E8209FC2300005843A /* RestaurantSearchResultTableViewCell.swift */; };
		EAEC92EB209FC2300005843A /* RestaurantSearchResultTableViewCell.xib in Resources */ = {isa = PBXBuildFile; fileRef = EAEC92E9209FC2300005843A /* RestaurantSearchResultTableViewCell.xib */; };
		EAEC92ED20A02CC30005843A /* RestaurantDetailViewController.swift in Sources */ = {isa = PBXBuildFile; fileRef = EAEC92EC20A02CC30005843A /* RestaurantDetailViewController.swift */; };
		EAEC92EF20A02D3F0005843A /* RestaurantDetailView.swift in Sources */ = {isa = PBXBuildFile; fileRef = EAEC92EE20A02D3F0005843A /* RestaurantDetailView.swift */; };
		EAFAD12920BB9A700009D68B /* ImageViewController.swift in Sources */ = {isa = PBXBuildFile; fileRef = EAFAD12820BB9A700009D68B /* ImageViewController.swift */; };
		EAFAD12B20BB9A880009D68B /* ImageContentView.swift in Sources */ = {isa = PBXBuildFile; fileRef = EAFAD12A20BB9A880009D68B /* ImageContentView.swift */; };
/* End PBXBuildFile section */

/* Begin PBXContainerItemProxy section */
		EAA9FBE5209E44B900E8F281 /* PBXContainerItemProxy */ = {
			isa = PBXContainerItemProxy;
			containerPortal = EAA9FBC8209E44B800E8F281 /* Project object */;
			proxyType = 1;
			remoteGlobalIDString = EAA9FBCF209E44B800E8F281;
			remoteInfo = Lists;
		};
/* End PBXContainerItemProxy section */

/* Begin PBXFileReference section */
		1700C7680F4E7678C55A6A07 /* Pods-Lists.debug.xcconfig */ = {isa = PBXFileReference; includeInIndex = 1; lastKnownFileType = text.xcconfig; name = "Pods-Lists.debug.xcconfig"; path = "Pods/Target Support Files/Pods-Lists/Pods-Lists.debug.xcconfig"; sourceTree = "<group>"; };
		645BAA5BA5C8F71E9FB23C64 /* Pods_ListsTests.framework */ = {isa = PBXFileReference; explicitFileType = wrapper.framework; includeInIndex = 0; path = Pods_ListsTests.framework; sourceTree = BUILT_PRODUCTS_DIR; };
		76813CA0A0E558DF7274ABEF /* Pods_Lists.framework */ = {isa = PBXFileReference; explicitFileType = wrapper.framework; includeInIndex = 0; path = Pods_Lists.framework; sourceTree = BUILT_PRODUCTS_DIR; };
		7953C481375D1E86C3B87ED7 /* Pods-ListsTests.debug.xcconfig */ = {isa = PBXFileReference; includeInIndex = 1; lastKnownFileType = text.xcconfig; name = "Pods-ListsTests.debug.xcconfig"; path = "Pods/Target Support Files/Pods-ListsTests/Pods-ListsTests.debug.xcconfig"; sourceTree = "<group>"; };
		7F334628589BCC4FE2ADD936 /* Pods-ListsTests.release.xcconfig */ = {isa = PBXFileReference; includeInIndex = 1; lastKnownFileType = text.xcconfig; name = "Pods-ListsTests.release.xcconfig"; path = "Pods/Target Support Files/Pods-ListsTests/Pods-ListsTests.release.xcconfig"; sourceTree = "<group>"; };
		8EB70B69AC86CB94D8848A19 /* Pods-Lists.release.xcconfig */ = {isa = PBXFileReference; includeInIndex = 1; lastKnownFileType = text.xcconfig; name = "Pods-Lists.release.xcconfig"; path = "Pods/Target Support Files/Pods-Lists/Pods-Lists.release.xcconfig"; sourceTree = "<group>"; };
		EAA9FBD0209E44B800E8F281 /* Lists.app */ = {isa = PBXFileReference; explicitFileType = wrapper.application; includeInIndex = 0; path = Lists.app; sourceTree = BUILT_PRODUCTS_DIR; };
		EAA9FBD3209E44B800E8F281 /* AppDelegate.swift */ = {isa = PBXFileReference; lastKnownFileType = sourcecode.swift; path = AppDelegate.swift; sourceTree = "<group>"; };
		EAA9FBD5209E44B900E8F281 /* ViewController.swift */ = {isa = PBXFileReference; lastKnownFileType = sourcecode.swift; path = ViewController.swift; sourceTree = "<group>"; };
		EAA9FBD8209E44B900E8F281 /* Base */ = {isa = PBXFileReference; lastKnownFileType = file.storyboard; name = Base; path = Base.lproj/Main.storyboard; sourceTree = "<group>"; };
		EAA9FBDA209E44B900E8F281 /* Assets.xcassets */ = {isa = PBXFileReference; lastKnownFileType = folder.assetcatalog; path = Assets.xcassets; sourceTree = "<group>"; };
		EAA9FBDD209E44B900E8F281 /* Base */ = {isa = PBXFileReference; lastKnownFileType = file.storyboard; name = Base; path = Base.lproj/LaunchScreen.storyboard; sourceTree = "<group>"; };
		EAA9FBDF209E44B900E8F281 /* Info.plist */ = {isa = PBXFileReference; lastKnownFileType = text.plist.xml; path = Info.plist; sourceTree = "<group>"; };
		EAA9FBE4209E44B900E8F281 /* ListsTests.xctest */ = {isa = PBXFileReference; explicitFileType = wrapper.cfbundle; includeInIndex = 0; path = ListsTests.xctest; sourceTree = BUILT_PRODUCTS_DIR; };
		EAA9FBE8209E44B900E8F281 /* ListsTests.swift */ = {isa = PBXFileReference; lastKnownFileType = sourcecode.swift; path = ListsTests.swift; sourceTree = "<group>"; };
		EAA9FBEA209E44B900E8F281 /* Info.plist */ = {isa = PBXFileReference; lastKnownFileType = text.plist.xml; path = Info.plist; sourceTree = "<group>"; };
		EAAFD4C820BCB01300F3A7A7 /* ImageViewAnimator.swift */ = {isa = PBXFileReference; lastKnownFileType = sourcecode.swift; path = ImageViewAnimator.swift; sourceTree = "<group>"; };
		EABA7650209E53E60053E407 /* LocationManager.swift */ = {isa = PBXFileReference; lastKnownFileType = sourcecode.swift; path = LocationManager.swift; sourceTree = "<group>"; };
		EABA7652209E6AD80053E407 /* ViewModelType.swift */ = {isa = PBXFileReference; lastKnownFileType = sourcecode.swift; path = ViewModelType.swift; sourceTree = "<group>"; };
		EABA7654209E70310053E407 /* AutoCompleteViewModel.swift */ = {isa = PBXFileReference; lastKnownFileType = sourcecode.swift; path = AutoCompleteViewModel.swift; sourceTree = "<group>"; };
		EABA7656209E70C20053E407 /* AutoCompleteRequest.swift */ = {isa = PBXFileReference; lastKnownFileType = sourcecode.swift; path = AutoCompleteRequest.swift; sourceTree = "<group>"; };
		EABA7658209E70EA0053E407 /* AutoCompleteResult.swift */ = {isa = PBXFileReference; lastKnownFileType = sourcecode.swift; path = AutoCompleteResult.swift; sourceTree = "<group>"; };
		EABA765B209E74B30053E407 /* YelpNetwork.swift */ = {isa = PBXFileReference; lastKnownFileType = sourcecode.swift; path = YelpNetwork.swift; sourceTree = "<group>"; };
		EABA765D209E757D0053E407 /* YelpApiKey.swift */ = {isa = PBXFileReference; lastKnownFileType = sourcecode.swift; path = YelpApiKey.swift; sourceTree = "<group>"; };
		EABA7661209E7CF70053E407 /* RestaurantSearchRequest.swift */ = {isa = PBXFileReference; lastKnownFileType = sourcecode.swift; path = RestaurantSearchRequest.swift; sourceTree = "<group>"; };
		EABA7663209E7D000053E407 /* RestaurantSearchResult.swift */ = {isa = PBXFileReference; lastKnownFileType = sourcecode.swift; path = RestaurantSearchResult.swift; sourceTree = "<group>"; };
		EABA7665209E7D080053E407 /* RestaurantSearchService.swift */ = {isa = PBXFileReference; lastKnownFileType = sourcecode.swift; path = RestaurantSearchService.swift; sourceTree = "<group>"; };
		EABA7667209E7D0F0053E407 /* RestaurantSearchViewModel.swift */ = {isa = PBXFileReference; lastKnownFileType = sourcecode.swift; path = RestaurantSearchViewModel.swift; sourceTree = "<group>"; };
		EAD4F579209E4C3000EE0C46 /* AutoCompleteService.swift */ = {isa = PBXFileReference; lastKnownFileType = sourcecode.swift; path = AutoCompleteService.swift; sourceTree = "<group>"; };
		EAD4F57C209E4CF400EE0C46 /* Network.swift */ = {isa = PBXFileReference; lastKnownFileType = sourcecode.swift; path = Network.swift; sourceTree = "<group>"; };
		EAEC92D0209ECFFC0005843A /* RestaurantDetailRequest.swift */ = {isa = PBXFileReference; lastKnownFileType = sourcecode.swift; path = RestaurantDetailRequest.swift; sourceTree = "<group>"; };
		EAEC92D2209ED00A0005843A /* RestaurantDetailResult.swift */ = {isa = PBXFileReference; lastKnownFileType = sourcecode.swift; path = RestaurantDetailResult.swift; sourceTree = "<group>"; };
		EAEC92D4209ED0110005843A /* RestaurantDetailService.swift */ = {isa = PBXFileReference; lastKnownFileType = sourcecode.swift; path = RestaurantDetailService.swift; sourceTree = "<group>"; };
		EAEC92D6209ED0350005843A /* RestaurantDetailViewModel.swift */ = {isa = PBXFileReference; lastKnownFileType = sourcecode.swift; path = RestaurantDetailViewModel.swift; sourceTree = "<group>"; };
		EAEC92D9209ED1C10005843A /* StringExtensions.swift */ = {isa = PBXFileReference; lastKnownFileType = sourcecode.swift; path = StringExtensions.swift; sourceTree = "<group>"; };
		EAEC92DC209FBC8A0005843A /* ListsViewController.swift */ = {isa = PBXFileReference; lastKnownFileType = sourcecode.swift; path = ListsViewController.swift; sourceTree = "<group>"; };
		EAEC92DD209FBC8A0005843A /* ListsViewController.xib */ = {isa = PBXFileReference; lastKnownFileType = file.xib; path = ListsViewController.xib; sourceTree = "<group>"; };
		EAEC92E0209FBC950005843A /* ListsViewModel.swift */ = {isa = PBXFileReference; lastKnownFileType = sourcecode.swift; path = ListsViewModel.swift; sourceTree = "<group>"; };
		EAEC92E2209FBCC10005843A /* GetAllListsUseCase.swift */ = {isa = PBXFileReference; lastKnownFileType = sourcecode.swift; path = GetAllListsUseCase.swift; sourceTree = "<group>"; };
		EAEC92E4209FC1170005843A /* RestaurantSearchViewController.swift */ = {isa = PBXFileReference; lastKnownFileType = sourcecode.swift; path = RestaurantSearchViewController.swift; sourceTree = "<group>"; };
		EAEC92E5209FC1170005843A /* RestaurantSearchViewController.xib */ = {isa = PBXFileReference; lastKnownFileType = file.xib; path = RestaurantSearchViewController.xib; sourceTree = "<group>"; };
		EAEC92E8209FC2300005843A /* RestaurantSearchResultTableViewCell.swift */ = {isa = PBXFileReference; lastKnownFileType = sourcecode.swift; path = RestaurantSearchResultTableViewCell.swift; sourceTree = "<group>"; };
		EAEC92E9209FC2300005843A /* RestaurantSearchResultTableViewCell.xib */ = {isa = PBXFileReference; lastKnownFileType = file.xib; path = RestaurantSearchResultTableViewCell.xib; sourceTree = "<group>"; };
		EAEC92EC20A02CC30005843A /* RestaurantDetailViewController.swift */ = {isa = PBXFileReference; lastKnownFileType = sourcecode.swift; path = RestaurantDetailViewController.swift; sourceTree = "<group>"; };
		EAEC92EE20A02D3F0005843A /* RestaurantDetailView.swift */ = {isa = PBXFileReference; lastKnownFileType = sourcecode.swift; path = RestaurantDetailView.swift; sourceTree = "<group>"; };
		EAFAD12820BB9A700009D68B /* ImageViewController.swift */ = {isa = PBXFileReference; lastKnownFileType = sourcecode.swift; path = ImageViewController.swift; sourceTree = "<group>"; };
		EAFAD12A20BB9A880009D68B /* ImageContentView.swift */ = {isa = PBXFileReference; lastKnownFileType = sourcecode.swift; path = ImageContentView.swift; sourceTree = "<group>"; };
/* End PBXFileReference section */

/* Begin PBXFrameworksBuildPhase section */
		EAA9FBCD209E44B800E8F281 /* Frameworks */ = {
			isa = PBXFrameworksBuildPhase;
			buildActionMask = 2147483647;
			files = (
				C6E1E0905B49903CA218D7DD /* Pods_Lists.framework in Frameworks */,
			);
			runOnlyForDeploymentPostprocessing = 0;
		};
		EAA9FBE1209E44B900E8F281 /* Frameworks */ = {
			isa = PBXFrameworksBuildPhase;
			buildActionMask = 2147483647;
			files = (
				7E7D46FFADD697BFC3409551 /* Pods_ListsTests.framework in Frameworks */,
			);
			runOnlyForDeploymentPostprocessing = 0;
		};
/* End PBXFrameworksBuildPhase section */

/* Begin PBXGroup section */
		05C07DDFD83468A2FFFB0152 /* Frameworks */ = {
			isa = PBXGroup;
			children = (
				76813CA0A0E558DF7274ABEF /* Pods_Lists.framework */,
				645BAA5BA5C8F71E9FB23C64 /* Pods_ListsTests.framework */,
			);
			name = Frameworks;
			sourceTree = "<group>";
		};
		5B4639E6706AA5F040ADC200 /* Pods */ = {
			isa = PBXGroup;
			children = (
				1700C7680F4E7678C55A6A07 /* Pods-Lists.debug.xcconfig */,
				8EB70B69AC86CB94D8848A19 /* Pods-Lists.release.xcconfig */,
				7953C481375D1E86C3B87ED7 /* Pods-ListsTests.debug.xcconfig */,
				7F334628589BCC4FE2ADD936 /* Pods-ListsTests.release.xcconfig */,
			);
			name = Pods;
			sourceTree = "<group>";
		};
		EAA9FBC7209E44B800E8F281 = {
			isa = PBXGroup;
			children = (
				EAA9FBD2209E44B800E8F281 /* Lists */,
				EAA9FBE7209E44B900E8F281 /* ListsTests */,
				EAA9FBD1209E44B800E8F281 /* Products */,
				5B4639E6706AA5F040ADC200 /* Pods */,
				05C07DDFD83468A2FFFB0152 /* Frameworks */,
			);
			sourceTree = "<group>";
		};
		EAA9FBD1209E44B800E8F281 /* Products */ = {
			isa = PBXGroup;
			children = (
				EAA9FBD0209E44B800E8F281 /* Lists.app */,
				EAA9FBE4209E44B900E8F281 /* ListsTests.xctest */,
			);
			name = Products;
			sourceTree = "<group>";
		};
		EAA9FBD2209E44B800E8F281 /* Lists */ = {
			isa = PBXGroup;
			children = (
				EABA765F209E789E0053E407 /* Source */,
				EAA9FBD7209E44B900E8F281 /* Main.storyboard */,
				EAA9FBDA209E44B900E8F281 /* Assets.xcassets */,
				EAA9FBDC209E44B900E8F281 /* LaunchScreen.storyboard */,
				EAA9FBDF209E44B900E8F281 /* Info.plist */,
			);
			path = Lists;
			sourceTree = "<group>";
		};
		EAA9FBE7209E44B900E8F281 /* ListsTests */ = {
			isa = PBXGroup;
			children = (
				EAA9FBE8209E44B900E8F281 /* ListsTests.swift */,
				EAA9FBEA209E44B900E8F281 /* Info.plist */,
			);
			path = ListsTests;
			sourceTree = "<group>";
		};
		EAAFD4C720BCAFE700F3A7A7 /* ImageDetail */ = {
			isa = PBXGroup;
			children = (
				EAFAD12820BB9A700009D68B /* ImageViewController.swift */,
				EAFAD12A20BB9A880009D68B /* ImageContentView.swift */,
				EAAFD4C820BCB01300F3A7A7 /* ImageViewAnimator.swift */,
			);
			path = ImageDetail;
			sourceTree = "<group>";
		};
		EABA764F209E53C80053E407 /* Location */ = {
			isa = PBXGroup;
			children = (
				EABA7650209E53E60053E407 /* LocationManager.swift */,
			);
			path = Location;
			sourceTree = "<group>";
		};
		EABA765A209E74A90053E407 /* Yelp */ = {
			isa = PBXGroup;
			children = (
				EABA765B209E74B30053E407 /* YelpNetwork.swift */,
				EABA765D209E757D0053E407 /* YelpApiKey.swift */,
			);
			path = Yelp;
			sourceTree = "<group>";
		};
		EABA765F209E789E0053E407 /* Source */ = {
			isa = PBXGroup;
			children = (
				EAA9FBD3209E44B800E8F281 /* AppDelegate.swift */,
				EAA9FBD5209E44B900E8F281 /* ViewController.swift */,
				EABA7652209E6AD80053E407 /* ViewModelType.swift */,
				EAEC92D8209ED1AF0005843A /* Extensions */,
				EAD4F578209E4C1A00EE0C46 /* AutoComplete */,
				EAAFD4C720BCAFE700F3A7A7 /* ImageDetail */,
				EABA764F209E53C80053E407 /* Location */,
				EAEC92DB209FBC610005843A /* Lists */,
				EAD4F57B209E4CC800EE0C46 /* Network */,
				EAEC92CF209ECFD40005843A /* RestaurantDetail */,
				EABA7660209E7CCE0053E407 /* RestaurantSearch */,
				EABA765A209E74A90053E407 /* Yelp */,
			);
			path = Source;
			sourceTree = "<group>";
		};
		EABA7660209E7CCE0053E407 /* RestaurantSearch */ = {
			isa = PBXGroup;
			children = (
				EABA7661209E7CF70053E407 /* RestaurantSearchRequest.swift */,
				EABA7663209E7D000053E407 /* RestaurantSearchResult.swift */,
				EAEC92E8209FC2300005843A /* RestaurantSearchResultTableViewCell.swift */,
				EAEC92E9209FC2300005843A /* RestaurantSearchResultTableViewCell.xib */,
				EABA7665209E7D080053E407 /* RestaurantSearchService.swift */,
				EAEC92E4209FC1170005843A /* RestaurantSearchViewController.swift */,
				EAEC92E5209FC1170005843A /* RestaurantSearchViewController.xib */,
				EABA7667209E7D0F0053E407 /* RestaurantSearchViewModel.swift */,
			);
			path = RestaurantSearch;
			sourceTree = "<group>";
		};
		EAD4F578209E4C1A00EE0C46 /* AutoComplete */ = {
			isa = PBXGroup;
			children = (
				EABA7656209E70C20053E407 /* AutoCompleteRequest.swift */,
				EABA7658209E70EA0053E407 /* AutoCompleteResult.swift */,
				EAD4F579209E4C3000EE0C46 /* AutoCompleteService.swift */,
				EABA7654209E70310053E407 /* AutoCompleteViewModel.swift */,
			);
			path = AutoComplete;
			sourceTree = "<group>";
		};
		EAD4F57B209E4CC800EE0C46 /* Network */ = {
			isa = PBXGroup;
			children = (
				EAD4F57C209E4CF400EE0C46 /* Network.swift */,
			);
			path = Network;
			sourceTree = "<group>";
		};
		EAEC92CF209ECFD40005843A /* RestaurantDetail */ = {
			isa = PBXGroup;
			children = (
				EAEC92D0209ECFFC0005843A /* RestaurantDetailRequest.swift */,
				EAEC92D2209ED00A0005843A /* RestaurantDetailResult.swift */,
				EAEC92D4209ED0110005843A /* RestaurantDetailService.swift */,
				EAEC92EE20A02D3F0005843A /* RestaurantDetailView.swift */,
				EAEC92EC20A02CC30005843A /* RestaurantDetailViewController.swift */,
				EAEC92D6209ED0350005843A /* RestaurantDetailViewModel.swift */,
			);
			path = RestaurantDetail;
			sourceTree = "<group>";
		};
		EAEC92D8209ED1AF0005843A /* Extensions */ = {
			isa = PBXGroup;
			children = (
				EAEC92D9209ED1C10005843A /* StringExtensions.swift */,
			);
			path = Extensions;
			sourceTree = "<group>";
		};
		EAEC92DB209FBC610005843A /* Lists */ = {
			isa = PBXGroup;
			children = (
				EAEC92DC209FBC8A0005843A /* ListsViewController.swift */,
				EAEC92DD209FBC8A0005843A /* ListsViewController.xib */,
				EAEC92E0209FBC950005843A /* ListsViewModel.swift */,
				EAEC92E2209FBCC10005843A /* GetAllListsUseCase.swift */,
			);
			path = Lists;
			sourceTree = "<group>";
		};
/* End PBXGroup section */

/* Begin PBXNativeTarget section */
		EAA9FBCF209E44B800E8F281 /* Lists */ = {
			isa = PBXNativeTarget;
			buildConfigurationList = EAA9FBED209E44B900E8F281 /* Build configuration list for PBXNativeTarget "Lists" */;
			buildPhases = (
				84AE9A3C052D8B335904277D /* [CP] Check Pods Manifest.lock */,
				EAA9FBCC209E44B800E8F281 /* Sources */,
				EAA9FBCD209E44B800E8F281 /* Frameworks */,
				EAA9FBCE209E44B800E8F281 /* Resources */,
				F54760C26B7FB9DA8EEE846B /* [CP] Embed Pods Frameworks */,
				BA9C031EC8F4E2F77E6D155B /* [CP] Copy Pods Resources */,
			);
			buildRules = (
			);
			dependencies = (
			);
			name = Lists;
			productName = Lists;
			productReference = EAA9FBD0209E44B800E8F281 /* Lists.app */;
			productType = "com.apple.product-type.application";
		};
		EAA9FBE3209E44B900E8F281 /* ListsTests */ = {
			isa = PBXNativeTarget;
			buildConfigurationList = EAA9FBF0209E44B900E8F281 /* Build configuration list for PBXNativeTarget "ListsTests" */;
			buildPhases = (
				AC321F2AF3CA450DF4BF5912 /* [CP] Check Pods Manifest.lock */,
				EAA9FBE0209E44B900E8F281 /* Sources */,
				EAA9FBE1209E44B900E8F281 /* Frameworks */,
				EAA9FBE2209E44B900E8F281 /* Resources */,
				6D732C573420CF7ADF37FE90 /* [CP] Embed Pods Frameworks */,
				34E54E43B3CF29E69D9F5FA6 /* [CP] Copy Pods Resources */,
			);
			buildRules = (
			);
			dependencies = (
				EAA9FBE6209E44B900E8F281 /* PBXTargetDependency */,
			);
			name = ListsTests;
			productName = ListsTests;
			productReference = EAA9FBE4209E44B900E8F281 /* ListsTests.xctest */;
			productType = "com.apple.product-type.bundle.unit-test";
		};
/* End PBXNativeTarget section */

/* Begin PBXProject section */
		EAA9FBC8209E44B800E8F281 /* Project object */ = {
			isa = PBXProject;
			attributes = {
				LastSwiftUpdateCheck = 0920;
				LastUpgradeCheck = 0920;
				ORGANIZATIONNAME = "Tony Albor";
				TargetAttributes = {
					EAA9FBCF209E44B800E8F281 = {
						CreatedOnToolsVersion = 9.2;
						ProvisioningStyle = Automatic;
					};
					EAA9FBE3209E44B900E8F281 = {
						CreatedOnToolsVersion = 9.2;
						ProvisioningStyle = Automatic;
						TestTargetID = EAA9FBCF209E44B800E8F281;
					};
				};
			};
			buildConfigurationList = EAA9FBCB209E44B800E8F281 /* Build configuration list for PBXProject "Lists" */;
			compatibilityVersion = "Xcode 8.0";
			developmentRegion = en;
			hasScannedForEncodings = 0;
			knownRegions = (
				en,
				Base,
			);
			mainGroup = EAA9FBC7209E44B800E8F281;
			productRefGroup = EAA9FBD1209E44B800E8F281 /* Products */;
			projectDirPath = "";
			projectRoot = "";
			targets = (
				EAA9FBCF209E44B800E8F281 /* Lists */,
				EAA9FBE3209E44B900E8F281 /* ListsTests */,
			);
		};
/* End PBXProject section */

/* Begin PBXResourcesBuildPhase section */
		EAA9FBCE209E44B800E8F281 /* Resources */ = {
			isa = PBXResourcesBuildPhase;
			buildActionMask = 2147483647;
			files = (
				EAEC92E7209FC1170005843A /* RestaurantSearchViewController.xib in Resources */,
				EAA9FBDE209E44B900E8F281 /* LaunchScreen.storyboard in Resources */,
				EAA9FBDB209E44B900E8F281 /* Assets.xcassets in Resources */,
				EAEC92DF209FBC8A0005843A /* ListsViewController.xib in Resources */,
				EAA9FBD9209E44B900E8F281 /* Main.storyboard in Resources */,
				EAEC92EB209FC2300005843A /* RestaurantSearchResultTableViewCell.xib in Resources */,
			);
			runOnlyForDeploymentPostprocessing = 0;
		};
		EAA9FBE2209E44B900E8F281 /* Resources */ = {
			isa = PBXResourcesBuildPhase;
			buildActionMask = 2147483647;
			files = (
			);
			runOnlyForDeploymentPostprocessing = 0;
		};
/* End PBXResourcesBuildPhase section */

/* Begin PBXShellScriptBuildPhase section */
		34E54E43B3CF29E69D9F5FA6 /* [CP] Copy Pods Resources */ = {
			isa = PBXShellScriptBuildPhase;
			buildActionMask = 2147483647;
			files = (
			);
			inputPaths = (
			);
			name = "[CP] Copy Pods Resources";
			outputPaths = (
			);
			runOnlyForDeploymentPostprocessing = 0;
			shellPath = /bin/sh;
			shellScript = "\"${SRCROOT}/Pods/Target Support Files/Pods-ListsTests/Pods-ListsTests-resources.sh\"\n";
			showEnvVarsInLog = 0;
		};
		6D732C573420CF7ADF37FE90 /* [CP] Embed Pods Frameworks */ = {
			isa = PBXShellScriptBuildPhase;
			buildActionMask = 2147483647;
			files = (
			);
			inputPaths = (
			);
			name = "[CP] Embed Pods Frameworks";
			outputPaths = (
			);
			runOnlyForDeploymentPostprocessing = 0;
			shellPath = /bin/sh;
			shellScript = "\"${SRCROOT}/Pods/Target Support Files/Pods-ListsTests/Pods-ListsTests-frameworks.sh\"\n";
			showEnvVarsInLog = 0;
		};
		84AE9A3C052D8B335904277D /* [CP] Check Pods Manifest.lock */ = {
			isa = PBXShellScriptBuildPhase;
			buildActionMask = 2147483647;
			files = (
			);
			inputPaths = (
				"${PODS_PODFILE_DIR_PATH}/Podfile.lock",
				"${PODS_ROOT}/Manifest.lock",
			);
			name = "[CP] Check Pods Manifest.lock";
			outputPaths = (
				"$(DERIVED_FILE_DIR)/Pods-Lists-checkManifestLockResult.txt",
			);
			runOnlyForDeploymentPostprocessing = 0;
			shellPath = /bin/sh;
			shellScript = "diff \"${PODS_PODFILE_DIR_PATH}/Podfile.lock\" \"${PODS_ROOT}/Manifest.lock\" > /dev/null\nif [ $? != 0 ] ; then\n    # print error to STDERR\n    echo \"error: The sandbox is not in sync with the Podfile.lock. Run 'pod install' or update your CocoaPods installation.\" >&2\n    exit 1\nfi\n# This output is used by Xcode 'outputs' to avoid re-running this script phase.\necho \"SUCCESS\" > \"${SCRIPT_OUTPUT_FILE_0}\"\n";
			showEnvVarsInLog = 0;
		};
		AC321F2AF3CA450DF4BF5912 /* [CP] Check Pods Manifest.lock */ = {
			isa = PBXShellScriptBuildPhase;
			buildActionMask = 2147483647;
			files = (
			);
			inputPaths = (
				"${PODS_PODFILE_DIR_PATH}/Podfile.lock",
				"${PODS_ROOT}/Manifest.lock",
			);
			name = "[CP] Check Pods Manifest.lock";
			outputPaths = (
				"$(DERIVED_FILE_DIR)/Pods-ListsTests-checkManifestLockResult.txt",
			);
			runOnlyForDeploymentPostprocessing = 0;
			shellPath = /bin/sh;
			shellScript = "diff \"${PODS_PODFILE_DIR_PATH}/Podfile.lock\" \"${PODS_ROOT}/Manifest.lock\" > /dev/null\nif [ $? != 0 ] ; then\n    # print error to STDERR\n    echo \"error: The sandbox is not in sync with the Podfile.lock. Run 'pod install' or update your CocoaPods installation.\" >&2\n    exit 1\nfi\n# This output is used by Xcode 'outputs' to avoid re-running this script phase.\necho \"SUCCESS\" > \"${SCRIPT_OUTPUT_FILE_0}\"\n";
			showEnvVarsInLog = 0;
		};
		BA9C031EC8F4E2F77E6D155B /* [CP] Copy Pods Resources */ = {
			isa = PBXShellScriptBuildPhase;
			buildActionMask = 2147483647;
			files = (
			);
			inputPaths = (
			);
			name = "[CP] Copy Pods Resources";
			outputPaths = (
			);
			runOnlyForDeploymentPostprocessing = 0;
			shellPath = /bin/sh;
			shellScript = "\"${SRCROOT}/Pods/Target Support Files/Pods-Lists/Pods-Lists-resources.sh\"\n";
			showEnvVarsInLog = 0;
		};
		F54760C26B7FB9DA8EEE846B /* [CP] Embed Pods Frameworks */ = {
			isa = PBXShellScriptBuildPhase;
			buildActionMask = 2147483647;
			files = (
			);
			inputPaths = (
				"${SRCROOT}/Pods/Target Support Files/Pods-Lists/Pods-Lists-frameworks.sh",
				"${BUILT_PRODUCTS_DIR}/Alamofire/Alamofire.framework",
				"${BUILT_PRODUCTS_DIR}/AlamofireImage/AlamofireImage.framework",
				"${BUILT_PRODUCTS_DIR}/RxAlamofire/RxAlamofire.framework",
				"${BUILT_PRODUCTS_DIR}/RxCocoa/RxCocoa.framework",
				"${BUILT_PRODUCTS_DIR}/RxSwift/RxSwift.framework",
			);
			name = "[CP] Embed Pods Frameworks";
			outputPaths = (
				"${TARGET_BUILD_DIR}/${FRAMEWORKS_FOLDER_PATH}/Alamofire.framework",
				"${TARGET_BUILD_DIR}/${FRAMEWORKS_FOLDER_PATH}/AlamofireImage.framework",
				"${TARGET_BUILD_DIR}/${FRAMEWORKS_FOLDER_PATH}/RxAlamofire.framework",
				"${TARGET_BUILD_DIR}/${FRAMEWORKS_FOLDER_PATH}/RxCocoa.framework",
				"${TARGET_BUILD_DIR}/${FRAMEWORKS_FOLDER_PATH}/RxSwift.framework",
			);
			runOnlyForDeploymentPostprocessing = 0;
			shellPath = /bin/sh;
			shellScript = "\"${SRCROOT}/Pods/Target Support Files/Pods-Lists/Pods-Lists-frameworks.sh\"\n";
			showEnvVarsInLog = 0;
		};
/* End PBXShellScriptBuildPhase section */

/* Begin PBXSourcesBuildPhase section */
		EAA9FBCC209E44B800E8F281 /* Sources */ = {
			isa = PBXSourcesBuildPhase;
			buildActionMask = 2147483647;
			files = (
				EAEC92E3209FBCC10005843A /* GetAllListsUseCase.swift in Sources */,
				EAEC92D3209ED00A0005843A /* RestaurantDetailResult.swift in Sources */,
				EABA7668209E7D0F0053E407 /* RestaurantSearchViewModel.swift in Sources */,
				EABA7662209E7CF70053E407 /* RestaurantSearchRequest.swift in Sources */,
				EAEC92D7209ED0350005843A /* RestaurantDetailViewModel.swift in Sources */,
				EAEC92E6209FC1170005843A /* RestaurantSearchViewController.swift in Sources */,
				EAEC92ED20A02CC30005843A /* RestaurantDetailViewController.swift in Sources */,
				EAFAD12B20BB9A880009D68B /* ImageContentView.swift in Sources */,
				EAA9FBD6209E44B900E8F281 /* ViewController.swift in Sources */,
				EAD4F57A209E4C3000EE0C46 /* AutoCompleteService.swift in Sources */,
				EABA7664209E7D000053E407 /* RestaurantSearchResult.swift in Sources */,
				EAFAD12920BB9A700009D68B /* ImageViewController.swift in Sources */,
				EABA7666209E7D080053E407 /* RestaurantSearchService.swift in Sources */,
				EABA765E209E757D0053E407 /* YelpApiKey.swift in Sources */,
				EABA7653209E6AD80053E407 /* ViewModelType.swift in Sources */,
				EABA7651209E53E60053E407 /* LocationManager.swift in Sources */,
				EABA765C209E74B30053E407 /* YelpNetwork.swift in Sources */,
				EAEC92E1209FBC950005843A /* ListsViewModel.swift in Sources */,
				EAEC92DA209ED1C10005843A /* StringExtensions.swift in Sources */,
				EABA7655209E70310053E407 /* AutoCompleteViewModel.swift in Sources */,
				EAEC92DE209FBC8A0005843A /* ListsViewController.swift in Sources */,
				EAAFD4C920BCB01300F3A7A7 /* ImageViewAnimator.swift in Sources */,
				EAD4F57D209E4CF400EE0C46 /* Network.swift in Sources */,
				EAEC92D5209ED0110005843A /* RestaurantDetailService.swift in Sources */,
				EABA7659209E70EA0053E407 /* AutoCompleteResult.swift in Sources */,
				EAEC92D1209ECFFC0005843A /* RestaurantDetailRequest.swift in Sources */,
				EAEC92EF20A02D3F0005843A /* RestaurantDetailView.swift in Sources */,
				EAA9FBD4209E44B800E8F281 /* AppDelegate.swift in Sources */,
				EABA7657209E70C20053E407 /* AutoCompleteRequest.swift in Sources */,
				EAEC92EA209FC2300005843A /* RestaurantSearchResultTableViewCell.swift in Sources */,
			);
			runOnlyForDeploymentPostprocessing = 0;
		};
		EAA9FBE0209E44B900E8F281 /* Sources */ = {
			isa = PBXSourcesBuildPhase;
			buildActionMask = 2147483647;
			files = (
				EAA9FBE9209E44B900E8F281 /* ListsTests.swift in Sources */,
			);
			runOnlyForDeploymentPostprocessing = 0;
		};
/* End PBXSourcesBuildPhase section */

/* Begin PBXTargetDependency section */
		EAA9FBE6209E44B900E8F281 /* PBXTargetDependency */ = {
			isa = PBXTargetDependency;
			target = EAA9FBCF209E44B800E8F281 /* Lists */;
			targetProxy = EAA9FBE5209E44B900E8F281 /* PBXContainerItemProxy */;
		};
/* End PBXTargetDependency section */

/* Begin PBXVariantGroup section */
		EAA9FBD7209E44B900E8F281 /* Main.storyboard */ = {
			isa = PBXVariantGroup;
			children = (
				EAA9FBD8209E44B900E8F281 /* Base */,
			);
			name = Main.storyboard;
			sourceTree = "<group>";
		};
		EAA9FBDC209E44B900E8F281 /* LaunchScreen.storyboard */ = {
			isa = PBXVariantGroup;
			children = (
				EAA9FBDD209E44B900E8F281 /* Base */,
			);
			name = LaunchScreen.storyboard;
			sourceTree = "<group>";
		};
/* End PBXVariantGroup section */

/* Begin XCBuildConfiguration section */
		EAA9FBEB209E44B900E8F281 /* Debug */ = {
			isa = XCBuildConfiguration;
			buildSettings = {
				ALWAYS_SEARCH_USER_PATHS = NO;
				CLANG_ANALYZER_NONNULL = YES;
				CLANG_ANALYZER_NUMBER_OBJECT_CONVERSION = YES_AGGRESSIVE;
				CLANG_CXX_LANGUAGE_STANDARD = "gnu++14";
				CLANG_CXX_LIBRARY = "libc++";
				CLANG_ENABLE_MODULES = YES;
				CLANG_ENABLE_OBJC_ARC = YES;
				CLANG_WARN_BLOCK_CAPTURE_AUTORELEASING = YES;
				CLANG_WARN_BOOL_CONVERSION = YES;
				CLANG_WARN_COMMA = YES;
				CLANG_WARN_CONSTANT_CONVERSION = YES;
				CLANG_WARN_DIRECT_OBJC_ISA_USAGE = YES_ERROR;
				CLANG_WARN_DOCUMENTATION_COMMENTS = YES;
				CLANG_WARN_EMPTY_BODY = YES;
				CLANG_WARN_ENUM_CONVERSION = YES;
				CLANG_WARN_INFINITE_RECURSION = YES;
				CLANG_WARN_INT_CONVERSION = YES;
				CLANG_WARN_NON_LITERAL_NULL_CONVERSION = YES;
				CLANG_WARN_OBJC_LITERAL_CONVERSION = YES;
				CLANG_WARN_OBJC_ROOT_CLASS = YES_ERROR;
				CLANG_WARN_RANGE_LOOP_ANALYSIS = YES;
				CLANG_WARN_STRICT_PROTOTYPES = YES;
				CLANG_WARN_SUSPICIOUS_MOVE = YES;
				CLANG_WARN_UNGUARDED_AVAILABILITY = YES_AGGRESSIVE;
				CLANG_WARN_UNREACHABLE_CODE = YES;
				CLANG_WARN__DUPLICATE_METHOD_MATCH = YES;
				CODE_SIGN_IDENTITY = "iPhone Developer";
				COPY_PHASE_STRIP = NO;
				DEBUG_INFORMATION_FORMAT = dwarf;
				ENABLE_STRICT_OBJC_MSGSEND = YES;
				ENABLE_TESTABILITY = YES;
				GCC_C_LANGUAGE_STANDARD = gnu11;
				GCC_DYNAMIC_NO_PIC = NO;
				GCC_NO_COMMON_BLOCKS = YES;
				GCC_OPTIMIZATION_LEVEL = 0;
				GCC_PREPROCESSOR_DEFINITIONS = (
					"DEBUG=1",
					"$(inherited)",
				);
				GCC_WARN_64_TO_32_BIT_CONVERSION = YES;
				GCC_WARN_ABOUT_RETURN_TYPE = YES_ERROR;
				GCC_WARN_UNDECLARED_SELECTOR = YES;
				GCC_WARN_UNINITIALIZED_AUTOS = YES_AGGRESSIVE;
				GCC_WARN_UNUSED_FUNCTION = YES;
				GCC_WARN_UNUSED_VARIABLE = YES;
				IPHONEOS_DEPLOYMENT_TARGET = 11.2;
				MTL_ENABLE_DEBUG_INFO = YES;
				ONLY_ACTIVE_ARCH = YES;
				SDKROOT = iphoneos;
				SWIFT_ACTIVE_COMPILATION_CONDITIONS = DEBUG;
				SWIFT_OPTIMIZATION_LEVEL = "-Onone";
			};
			name = Debug;
		};
		EAA9FBEC209E44B900E8F281 /* Release */ = {
			isa = XCBuildConfiguration;
			buildSettings = {
				ALWAYS_SEARCH_USER_PATHS = NO;
				CLANG_ANALYZER_NONNULL = YES;
				CLANG_ANALYZER_NUMBER_OBJECT_CONVERSION = YES_AGGRESSIVE;
				CLANG_CXX_LANGUAGE_STANDARD = "gnu++14";
				CLANG_CXX_LIBRARY = "libc++";
				CLANG_ENABLE_MODULES = YES;
				CLANG_ENABLE_OBJC_ARC = YES;
				CLANG_WARN_BLOCK_CAPTURE_AUTORELEASING = YES;
				CLANG_WARN_BOOL_CONVERSION = YES;
				CLANG_WARN_COMMA = YES;
				CLANG_WARN_CONSTANT_CONVERSION = YES;
				CLANG_WARN_DIRECT_OBJC_ISA_USAGE = YES_ERROR;
				CLANG_WARN_DOCUMENTATION_COMMENTS = YES;
				CLANG_WARN_EMPTY_BODY = YES;
				CLANG_WARN_ENUM_CONVERSION = YES;
				CLANG_WARN_INFINITE_RECURSION = YES;
				CLANG_WARN_INT_CONVERSION = YES;
				CLANG_WARN_NON_LITERAL_NULL_CONVERSION = YES;
				CLANG_WARN_OBJC_LITERAL_CONVERSION = YES;
				CLANG_WARN_OBJC_ROOT_CLASS = YES_ERROR;
				CLANG_WARN_RANGE_LOOP_ANALYSIS = YES;
				CLANG_WARN_STRICT_PROTOTYPES = YES;
				CLANG_WARN_SUSPICIOUS_MOVE = YES;
				CLANG_WARN_UNGUARDED_AVAILABILITY = YES_AGGRESSIVE;
				CLANG_WARN_UNREACHABLE_CODE = YES;
				CLANG_WARN__DUPLICATE_METHOD_MATCH = YES;
				CODE_SIGN_IDENTITY = "iPhone Developer";
				COPY_PHASE_STRIP = NO;
				DEBUG_INFORMATION_FORMAT = "dwarf-with-dsym";
				ENABLE_NS_ASSERTIONS = NO;
				ENABLE_STRICT_OBJC_MSGSEND = YES;
				GCC_C_LANGUAGE_STANDARD = gnu11;
				GCC_NO_COMMON_BLOCKS = YES;
				GCC_WARN_64_TO_32_BIT_CONVERSION = YES;
				GCC_WARN_ABOUT_RETURN_TYPE = YES_ERROR;
				GCC_WARN_UNDECLARED_SELECTOR = YES;
				GCC_WARN_UNINITIALIZED_AUTOS = YES_AGGRESSIVE;
				GCC_WARN_UNUSED_FUNCTION = YES;
				GCC_WARN_UNUSED_VARIABLE = YES;
				IPHONEOS_DEPLOYMENT_TARGET = 11.2;
				MTL_ENABLE_DEBUG_INFO = NO;
				SDKROOT = iphoneos;
				SWIFT_OPTIMIZATION_LEVEL = "-Owholemodule";
				VALIDATE_PRODUCT = YES;
			};
			name = Release;
		};
		EAA9FBEE209E44B900E8F281 /* Debug */ = {
			isa = XCBuildConfiguration;
			baseConfigurationReference = 1700C7680F4E7678C55A6A07 /* Pods-Lists.debug.xcconfig */;
			buildSettings = {
				ASSETCATALOG_COMPILER_APPICON_NAME = AppIcon;
				CODE_SIGN_STYLE = Automatic;
				DEVELOPMENT_TEAM = 998B9U96MF;
				INFOPLIST_FILE = Lists/Info.plist;
				LD_RUNPATH_SEARCH_PATHS = "$(inherited) @executable_path/Frameworks";
				PRODUCT_BUNDLE_IDENTIFIER = com.tonyalbor.Lists;
				PRODUCT_NAME = "$(TARGET_NAME)";
				SWIFT_VERSION = 4.0;
				TARGETED_DEVICE_FAMILY = "1,2";
			};
			name = Debug;
		};
		EAA9FBEF209E44B900E8F281 /* Release */ = {
			isa = XCBuildConfiguration;
			baseConfigurationReference = 8EB70B69AC86CB94D8848A19 /* Pods-Lists.release.xcconfig */;
			buildSettings = {
				ASSETCATALOG_COMPILER_APPICON_NAME = AppIcon;
				CODE_SIGN_STYLE = Automatic;
				DEVELOPMENT_TEAM = 998B9U96MF;
				INFOPLIST_FILE = Lists/Info.plist;
				LD_RUNPATH_SEARCH_PATHS = "$(inherited) @executable_path/Frameworks";
				PRODUCT_BUNDLE_IDENTIFIER = com.tonyalbor.Lists;
				PRODUCT_NAME = "$(TARGET_NAME)";
				SWIFT_VERSION = 4.0;
				TARGETED_DEVICE_FAMILY = "1,2";
			};
			name = Release;
		};
		EAA9FBF1209E44B900E8F281 /* Debug */ = {
			isa = XCBuildConfiguration;
			baseConfigurationReference = 7953C481375D1E86C3B87ED7 /* Pods-ListsTests.debug.xcconfig */;
			buildSettings = {
				ALWAYS_EMBED_SWIFT_STANDARD_LIBRARIES = YES;
				BUNDLE_LOADER = "$(TEST_HOST)";
				CODE_SIGN_STYLE = Automatic;
				DEVELOPMENT_TEAM = 998B9U96MF;
				INFOPLIST_FILE = ListsTests/Info.plist;
				LD_RUNPATH_SEARCH_PATHS = "$(inherited) @executable_path/Frameworks @loader_path/Frameworks";
				PRODUCT_BUNDLE_IDENTIFIER = com.tonyalbor.ListsTests;
				PRODUCT_NAME = "$(TARGET_NAME)";
				SWIFT_VERSION = 4.0;
				TARGETED_DEVICE_FAMILY = "1,2";
				TEST_HOST = "$(BUILT_PRODUCTS_DIR)/Lists.app/Lists";
			};
			name = Debug;
		};
		EAA9FBF2209E44B900E8F281 /* Release */ = {
			isa = XCBuildConfiguration;
			baseConfigurationReference = 7F334628589BCC4FE2ADD936 /* Pods-ListsTests.release.xcconfig */;
			buildSettings = {
				ALWAYS_EMBED_SWIFT_STANDARD_LIBRARIES = YES;
				BUNDLE_LOADER = "$(TEST_HOST)";
				CODE_SIGN_STYLE = Automatic;
				DEVELOPMENT_TEAM = 998B9U96MF;
				INFOPLIST_FILE = ListsTests/Info.plist;
				LD_RUNPATH_SEARCH_PATHS = "$(inherited) @executable_path/Frameworks @loader_path/Frameworks";
				PRODUCT_BUNDLE_IDENTIFIER = com.tonyalbor.ListsTests;
				PRODUCT_NAME = "$(TARGET_NAME)";
				SWIFT_VERSION = 4.0;
				TARGETED_DEVICE_FAMILY = "1,2";
				TEST_HOST = "$(BUILT_PRODUCTS_DIR)/Lists.app/Lists";
			};
			name = Release;
		};
/* End XCBuildConfiguration section */

/* Begin XCConfigurationList section */
		EAA9FBCB209E44B800E8F281 /* Build configuration list for PBXProject "Lists" */ = {
			isa = XCConfigurationList;
			buildConfigurations = (
				EAA9FBEB209E44B900E8F281 /* Debug */,
				EAA9FBEC209E44B900E8F281 /* Release */,
			);
			defaultConfigurationIsVisible = 0;
			defaultConfigurationName = Release;
		};
		EAA9FBED209E44B900E8F281 /* Build configuration list for PBXNativeTarget "Lists" */ = {
			isa = XCConfigurationList;
			buildConfigurations = (
				EAA9FBEE209E44B900E8F281 /* Debug */,
				EAA9FBEF209E44B900E8F281 /* Release */,
			);
			defaultConfigurationIsVisible = 0;
			defaultConfigurationName = Release;
		};
		EAA9FBF0209E44B900E8F281 /* Build configuration list for PBXNativeTarget "ListsTests" */ = {
			isa = XCConfigurationList;
			buildConfigurations = (
				EAA9FBF1209E44B900E8F281 /* Debug */,
				EAA9FBF2209E44B900E8F281 /* Release */,
			);
			defaultConfigurationIsVisible = 0;
			defaultConfigurationName = Release;
		};
/* End XCConfigurationList section */
	};
	rootObject = EAA9FBC8209E44B800E8F281 /* Project object */;
}
